// !$*UTF8*$!
{
	archiveVersion = 1;
	classes = {
	};
	objectVersion = 55;
	objects = {

/* Begin PBXBuildFile section */
		01483469283E568D008190CD /* CategoryRow.swift in Sources */ = {isa = PBXBuildFile; fileRef = 01483468283E568D008190CD /* CategoryRow.swift */; };
		0148346B283E57AB008190CD /* CategoryItem.swift in Sources */ = {isa = PBXBuildFile; fileRef = 0148346A283E57AB008190CD /* CategoryItem.swift */; };
		015CD54B283FCA70007AFCDF /* Profile.swift in Sources */ = {isa = PBXBuildFile; fileRef = 015CD54A283FCA70007AFCDF /* Profile.swift */; };
		015CD54E283FCB4C007AFCDF /* ProfileHost.swift in Sources */ = {isa = PBXBuildFile; fileRef = 015CD54D283FCB4C007AFCDF /* ProfileHost.swift */; };
		015CD550283FCBAF007AFCDF /* ProfileSummary.swift in Sources */ = {isa = PBXBuildFile; fileRef = 015CD54F283FCBAF007AFCDF /* ProfileSummary.swift */; };
		015CD552283FCCCC007AFCDF /* HikeBadge.swift in Sources */ = {isa = PBXBuildFile; fileRef = 015CD551283FCCCB007AFCDF /* HikeBadge.swift */; };
		016ACF62283DDDA6008AD8DD /* hikeData.json in Resources */ = {isa = PBXBuildFile; fileRef = 016ACF61283DDDA6008AD8DD /* hikeData.json */; };
		016ACF65283DDE01008AD8DD /* Hike.swift in Sources */ = {isa = PBXBuildFile; fileRef = 016ACF64283DDE01008AD8DD /* Hike.swift */; };
		016ACF6B283DDEEA008AD8DD /* GraphCapsule.swift in Sources */ = {isa = PBXBuildFile; fileRef = 016ACF67283DDEEA008AD8DD /* GraphCapsule.swift */; };
		016ACF6C283DDEEA008AD8DD /* HikeGraph.swift in Sources */ = {isa = PBXBuildFile; fileRef = 016ACF68283DDEEA008AD8DD /* HikeGraph.swift */; };
		016ACF6D283DDEEA008AD8DD /* HikeDetail.swift in Sources */ = {isa = PBXBuildFile; fileRef = 016ACF69283DDEEA008AD8DD /* HikeDetail.swift */; };
		0187C6DC283E0020003784E4 /* HikeView.swift in Sources */ = {isa = PBXBuildFile; fileRef = 0187C6DB283E0020003784E4 /* HikeView.swift */; };
		019F1936283CB2FC00138BF8 /* LandmarkRow.swift in Sources */ = {isa = PBXBuildFile; fileRef = 019F1935283CB2FC00138BF8 /* LandmarkRow.swift */; };
		019F1938283CB55000138BF8 /* LandmarkList.swift in Sources */ = {isa = PBXBuildFile; fileRef = 019F1937283CB55000138BF8 /* LandmarkList.swift */; };
		019F193A283CBF6000138BF8 /* LandmarkDetail.swift in Sources */ = {isa = PBXBuildFile; fileRef = 019F1939283CBF6000138BF8 /* LandmarkDetail.swift */; };
		019F4045283C87DE0063DA19 /* CircleImage.swift in Sources */ = {isa = PBXBuildFile; fileRef = 019F4044283C87DE0063DA19 /* CircleImage.swift */; };
		019F4049283C895F0063DA19 /* MapView.swift in Sources */ = {isa = PBXBuildFile; fileRef = 019F4048283C895F0063DA19 /* MapView.swift */; };
		019F404D283C92FE0063DA19 /* landmarkData.json in Resources */ = {isa = PBXBuildFile; fileRef = 019F404C283C92FE0063DA19 /* landmarkData.json */; };
		019F404F283C93EA0063DA19 /* Landmark.swift in Sources */ = {isa = PBXBuildFile; fileRef = 019F404E283C93EA0063DA19 /* Landmark.swift */; };
		019F4051283C95C50063DA19 /* ModelData.swift in Sources */ = {isa = PBXBuildFile; fileRef = 019F4050283C95C50063DA19 /* ModelData.swift */; };
		01B190E22840C6A600C68E5F /* ProfileEditor.swift in Sources */ = {isa = PBXBuildFile; fileRef = 01B190E12840C6A600C68E5F /* ProfileEditor.swift */; };
		01B190E52840CD0B00C68E5F /* PageViewController.swift in Sources */ = {isa = PBXBuildFile; fileRef = 01B190E42840CD0B00C68E5F /* PageViewController.swift */; };
		01B190E72840CEC400C68E5F /* FeatureCard.swift in Sources */ = {isa = PBXBuildFile; fileRef = 01B190E62840CEC400C68E5F /* FeatureCard.swift */; };
		01B190E92840CF7600C68E5F /* PageView.swift in Sources */ = {isa = PBXBuildFile; fileRef = 01B190E82840CF7600C68E5F /* PageView.swift */; };
		01CDDF32283E5466007F6B6A /* CategoryHome.swift in Sources */ = {isa = PBXBuildFile; fileRef = 01CDDF31283E5466007F6B6A /* CategoryHome.swift */; };
		01D125492841B9A300ABF2C5 /* PageControl.swift in Sources */ = {isa = PBXBuildFile; fileRef = 01D125482841B9A300ABF2C5 /* PageControl.swift */; };
		01D4D722283CE39200E0717F /* FavoriteButton.swift in Sources */ = {isa = PBXBuildFile; fileRef = 01D4D721283CE39200E0717F /* FavoriteButton.swift */; };
		01D4D728283CF5A000E0717F /* HexagonParameters.swift in Sources */ = {isa = PBXBuildFile; fileRef = 01D4D727283CF5A000E0717F /* HexagonParameters.swift */; };
		01D4D72A283CF6EF00E0717F /* BadgeBackground.swift in Sources */ = {isa = PBXBuildFile; fileRef = 01D4D729283CF6EF00E0717F /* BadgeBackground.swift */; };
		01D4D72C283CFF4C00E0717F /* BadgeSymbol.swift in Sources */ = {isa = PBXBuildFile; fileRef = 01D4D72B283CFF4C00E0717F /* BadgeSymbol.swift */; };
		01D4D72E283CFFE600E0717F /* RotatedBadgeSymbol.swift in Sources */ = {isa = PBXBuildFile; fileRef = 01D4D72D283CFFE600E0717F /* RotatedBadgeSymbol.swift */; };
		01D4D730283D003000E0717F /* Badge.swift in Sources */ = {isa = PBXBuildFile; fileRef = 01D4D72F283D003000E0717F /* Badge.swift */; };
		01EA01C4283BDC4500CCD4DD /* learnSwiftUIApp.swift in Sources */ = {isa = PBXBuildFile; fileRef = 01EA01C3283BDC4500CCD4DD /* learnSwiftUIApp.swift */; };
		01EA01C6283BDC4500CCD4DD /* ContentView.swift in Sources */ = {isa = PBXBuildFile; fileRef = 01EA01C5283BDC4500CCD4DD /* ContentView.swift */; };
		01EA01C8283BDC4C00CCD4DD /* Assets.xcassets in Resources */ = {isa = PBXBuildFile; fileRef = 01EA01C7283BDC4C00CCD4DD /* Assets.xcassets */; };
		01EA01CB283BDC4C00CCD4DD /* Preview Assets.xcassets in Resources */ = {isa = PBXBuildFile; fileRef = 01EA01CA283BDC4C00CCD4DD /* Preview Assets.xcassets */; };
/* End PBXBuildFile section */

/* Begin PBXFileReference section */
		01483468283E568D008190CD /* CategoryRow.swift */ = {isa = PBXFileReference; lastKnownFileType = sourcecode.swift; path = CategoryRow.swift; sourceTree = "<group>"; };
		0148346A283E57AB008190CD /* CategoryItem.swift */ = {isa = PBXFileReference; lastKnownFileType = sourcecode.swift; path = CategoryItem.swift; sourceTree = "<group>"; };
		015CD54A283FCA70007AFCDF /* Profile.swift */ = {isa = PBXFileReference; lastKnownFileType = sourcecode.swift; path = Profile.swift; sourceTree = "<group>"; };
		015CD54D283FCB4C007AFCDF /* ProfileHost.swift */ = {isa = PBXFileReference; lastKnownFileType = sourcecode.swift; path = ProfileHost.swift; sourceTree = "<group>"; };
		015CD54F283FCBAF007AFCDF /* ProfileSummary.swift */ = {isa = PBXFileReference; lastKnownFileType = sourcecode.swift; path = ProfileSummary.swift; sourceTree = "<group>"; };
		015CD551283FCCCB007AFCDF /* HikeBadge.swift */ = {isa = PBXFileReference; lastKnownFileType = sourcecode.swift; path = HikeBadge.swift; sourceTree = "<group>"; };
		016ACF61283DDDA6008AD8DD /* hikeData.json */ = {isa = PBXFileReference; fileEncoding = 4; lastKnownFileType = text.json; path = hikeData.json; sourceTree = "<group>"; };
		016ACF64283DDE01008AD8DD /* Hike.swift */ = {isa = PBXFileReference; lastKnownFileType = sourcecode.swift; path = Hike.swift; sourceTree = "<group>"; };
		016ACF67283DDEEA008AD8DD /* GraphCapsule.swift */ = {isa = PBXFileReference; fileEncoding = 4; lastKnownFileType = sourcecode.swift; path = GraphCapsule.swift; sourceTree = "<group>"; };
		016ACF68283DDEEA008AD8DD /* HikeGraph.swift */ = {isa = PBXFileReference; fileEncoding = 4; lastKnownFileType = sourcecode.swift; path = HikeGraph.swift; sourceTree = "<group>"; };
		016ACF69283DDEEA008AD8DD /* HikeDetail.swift */ = {isa = PBXFileReference; fileEncoding = 4; lastKnownFileType = sourcecode.swift; path = HikeDetail.swift; sourceTree = "<group>"; };
		0187C6DB283E0020003784E4 /* HikeView.swift */ = {isa = PBXFileReference; fileEncoding = 4; lastKnownFileType = sourcecode.swift; path = HikeView.swift; sourceTree = "<group>"; };
		019F1935283CB2FC00138BF8 /* LandmarkRow.swift */ = {isa = PBXFileReference; lastKnownFileType = sourcecode.swift; path = LandmarkRow.swift; sourceTree = "<group>"; };
		019F1937283CB55000138BF8 /* LandmarkList.swift */ = {isa = PBXFileReference; lastKnownFileType = sourcecode.swift; path = LandmarkList.swift; sourceTree = "<group>"; };
		019F1939283CBF6000138BF8 /* LandmarkDetail.swift */ = {isa = PBXFileReference; lastKnownFileType = sourcecode.swift; path = LandmarkDetail.swift; sourceTree = "<group>"; };
		019F4044283C87DE0063DA19 /* CircleImage.swift */ = {isa = PBXFileReference; lastKnownFileType = sourcecode.swift; path = CircleImage.swift; sourceTree = "<group>"; };
		019F4048283C895F0063DA19 /* MapView.swift */ = {isa = PBXFileReference; lastKnownFileType = sourcecode.swift; path = MapView.swift; sourceTree = "<group>"; };
		019F404C283C92FE0063DA19 /* landmarkData.json */ = {isa = PBXFileReference; fileEncoding = 4; lastKnownFileType = text.json; path = landmarkData.json; sourceTree = "<group>"; };
		019F404E283C93EA0063DA19 /* Landmark.swift */ = {isa = PBXFileReference; lastKnownFileType = sourcecode.swift; path = Landmark.swift; sourceTree = "<group>"; };
		019F4050283C95C50063DA19 /* ModelData.swift */ = {isa = PBXFileReference; lastKnownFileType = sourcecode.swift; path = ModelData.swift; sourceTree = "<group>"; };
		01B190E12840C6A600C68E5F /* ProfileEditor.swift */ = {isa = PBXFileReference; lastKnownFileType = sourcecode.swift; path = ProfileEditor.swift; sourceTree = "<group>"; };
		01B190E42840CD0B00C68E5F /* PageViewController.swift */ = {isa = PBXFileReference; lastKnownFileType = sourcecode.swift; path = PageViewController.swift; sourceTree = "<group>"; };
		01B190E62840CEC400C68E5F /* FeatureCard.swift */ = {isa = PBXFileReference; lastKnownFileType = sourcecode.swift; path = FeatureCard.swift; sourceTree = "<group>"; };
		01B190E82840CF7600C68E5F /* PageView.swift */ = {isa = PBXFileReference; lastKnownFileType = sourcecode.swift; path = PageView.swift; sourceTree = "<group>"; };
		01CDDF31283E5466007F6B6A /* CategoryHome.swift */ = {isa = PBXFileReference; lastKnownFileType = sourcecode.swift; path = CategoryHome.swift; sourceTree = "<group>"; };
		01D125482841B9A300ABF2C5 /* PageControl.swift */ = {isa = PBXFileReference; lastKnownFileType = sourcecode.swift; path = PageControl.swift; sourceTree = "<group>"; };
		01D4D721283CE39200E0717F /* FavoriteButton.swift */ = {isa = PBXFileReference; lastKnownFileType = sourcecode.swift; path = FavoriteButton.swift; sourceTree = "<group>"; };
		01D4D727283CF5A000E0717F /* HexagonParameters.swift */ = {isa = PBXFileReference; lastKnownFileType = sourcecode.swift; path = HexagonParameters.swift; sourceTree = "<group>"; };
		01D4D729283CF6EF00E0717F /* BadgeBackground.swift */ = {isa = PBXFileReference; lastKnownFileType = sourcecode.swift; path = BadgeBackground.swift; sourceTree = "<group>"; };
		01D4D72B283CFF4C00E0717F /* BadgeSymbol.swift */ = {isa = PBXFileReference; lastKnownFileType = sourcecode.swift; path = BadgeSymbol.swift; sourceTree = "<group>"; };
		01D4D72D283CFFE600E0717F /* RotatedBadgeSymbol.swift */ = {isa = PBXFileReference; lastKnownFileType = sourcecode.swift; path = RotatedBadgeSymbol.swift; sourceTree = "<group>"; };
		01D4D72F283D003000E0717F /* Badge.swift */ = {isa = PBXFileReference; lastKnownFileType = sourcecode.swift; path = Badge.swift; sourceTree = "<group>"; };
		01EA01C0283BDC4500CCD4DD /* learnSwiftUI.app */ = {isa = PBXFileReference; explicitFileType = wrapper.application; includeInIndex = 0; path = learnSwiftUI.app; sourceTree = BUILT_PRODUCTS_DIR; };
		01EA01C3283BDC4500CCD4DD /* learnSwiftUIApp.swift */ = {isa = PBXFileReference; lastKnownFileType = sourcecode.swift; path = learnSwiftUIApp.swift; sourceTree = "<group>"; };
		01EA01C5283BDC4500CCD4DD /* ContentView.swift */ = {isa = PBXFileReference; lastKnownFileType = sourcecode.swift; path = ContentView.swift; sourceTree = "<group>"; };
		01EA01C7283BDC4C00CCD4DD /* Assets.xcassets */ = {isa = PBXFileReference; lastKnownFileType = folder.assetcatalog; path = Assets.xcassets; sourceTree = "<group>"; };
		01EA01CA283BDC4C00CCD4DD /* Preview Assets.xcassets */ = {isa = PBXFileReference; lastKnownFileType = folder.assetcatalog; path = "Preview Assets.xcassets"; sourceTree = "<group>"; };
/* End PBXFileReference section */

/* Begin PBXFrameworksBuildPhase section */
		01EA01BD283BDC4500CCD4DD /* Frameworks */ = {
			isa = PBXFrameworksBuildPhase;
			buildActionMask = 2147483647;
			files = (
			);
			runOnlyForDeploymentPostprocessing = 0;
		};
/* End PBXFrameworksBuildPhase section */

/* Begin PBXGroup section */
		015CD54C283FCB39007AFCDF /* Profiles */ = {
			isa = PBXGroup;
			children = (
				015CD54D283FCB4C007AFCDF /* ProfileHost.swift */,
				015CD54F283FCBAF007AFCDF /* ProfileSummary.swift */,
				01B190E12840C6A600C68E5F /* ProfileEditor.swift */,
			);
			path = Profiles;
			sourceTree = "<group>";
		};
		016ACF60283DD365008AD8DD /* Badges */ = {
			isa = PBXGroup;
			children = (
				01D4D727283CF5A000E0717F /* HexagonParameters.swift */,
				01D4D729283CF6EF00E0717F /* BadgeBackground.swift */,
				01D4D72B283CFF4C00E0717F /* BadgeSymbol.swift */,
				01D4D72D283CFFE600E0717F /* RotatedBadgeSymbol.swift */,
				01D4D72F283D003000E0717F /* Badge.swift */,
			);
			path = Badges;
			sourceTree = "<group>";
		};
		016ACF66283DDEEA008AD8DD /* Hikes */ = {
			isa = PBXGroup;
			children = (
				016ACF67283DDEEA008AD8DD /* GraphCapsule.swift */,
				016ACF68283DDEEA008AD8DD /* HikeGraph.swift */,
				0187C6DB283E0020003784E4 /* HikeView.swift */,
				016ACF69283DDEEA008AD8DD /* HikeDetail.swift */,
				015CD551283FCCCB007AFCDF /* HikeBadge.swift */,
			);
			path = Hikes;
			sourceTree = "<group>";
		};
		019F4052283C98E40063DA19 /* Views */ = {
			isa = PBXGroup;
			children = (
				01B190E32840CCCD00C68E5F /* PageView */,
				015CD54C283FCB39007AFCDF /* Profiles */,
				01CDDF30283E544F007F6B6A /* Categories */,
				01EA01C5283BDC4500CCD4DD /* ContentView.swift */,
				016ACF66283DDEEA008AD8DD /* Hikes */,
				016ACF60283DD365008AD8DD /* Badges */,
				01D4D726283CE4EB00E0717F /* Helpers */,
				01D4D725283CE4CA00E0717F /* Landmarks */,
			);
			path = Views;
			sourceTree = "<group>";
		};
		019F4053283C99000063DA19 /* Model */ = {
			isa = PBXGroup;
			children = (
				019F404E283C93EA0063DA19 /* Landmark.swift */,
				019F4050283C95C50063DA19 /* ModelData.swift */,
				016ACF64283DDE01008AD8DD /* Hike.swift */,
				015CD54A283FCA70007AFCDF /* Profile.swift */,
			);
			path = Model;
			sourceTree = "<group>";
		};
		019F4054283C99170063DA19 /* Resources */ = {
			isa = PBXGroup;
			children = (
				016ACF61283DDDA6008AD8DD /* hikeData.json */,
				019F404C283C92FE0063DA19 /* landmarkData.json */,
			);
			path = Resources;
			sourceTree = "<group>";
		};
		01B190E32840CCCD00C68E5F /* PageView */ = {
			isa = PBXGroup;
			children = (
				01B190E42840CD0B00C68E5F /* PageViewController.swift */,
				01B190E62840CEC400C68E5F /* FeatureCard.swift */,
				01B190E82840CF7600C68E5F /* PageView.swift */,
				01D125482841B9A300ABF2C5 /* PageControl.swift */,
			);
			path = PageView;
			sourceTree = "<group>";
		};
		01CDDF30283E544F007F6B6A /* Categories */ = {
			isa = PBXGroup;
			children = (
				01CDDF31283E5466007F6B6A /* CategoryHome.swift */,
				01483468283E568D008190CD /* CategoryRow.swift */,
				0148346A283E57AB008190CD /* CategoryItem.swift */,
			);
			path = Categories;
			sourceTree = "<group>";
		};
		01D4D725283CE4CA00E0717F /* Landmarks */ = {
			isa = PBXGroup;
			children = (
				019F1935283CB2FC00138BF8 /* LandmarkRow.swift */,
				019F1937283CB55000138BF8 /* LandmarkList.swift */,
				019F1939283CBF6000138BF8 /* LandmarkDetail.swift */,
			);
			path = Landmarks;
			sourceTree = "<group>";
		};
		01D4D726283CE4EB00E0717F /* Helpers */ = {
			isa = PBXGroup;
			children = (
				019F4044283C87DE0063DA19 /* CircleImage.swift */,
				019F4048283C895F0063DA19 /* MapView.swift */,
				01D4D721283CE39200E0717F /* FavoriteButton.swift */,
			);
			name = Helpers;
			sourceTree = "<group>";
		};
		01EA01B7283BDC4500CCD4DD = {
			isa = PBXGroup;
			children = (
				01EA01C2283BDC4500CCD4DD /* learnSwiftUI */,
				01EA01C1283BDC4500CCD4DD /* Products */,
			);
			sourceTree = "<group>";
		};
		01EA01C1283BDC4500CCD4DD /* Products */ = {
			isa = PBXGroup;
			children = (
				01EA01C0283BDC4500CCD4DD /* learnSwiftUI.app */,
			);
			name = Products;
			sourceTree = "<group>";
		};
		01EA01C2283BDC4500CCD4DD /* learnSwiftUI */ = {
			isa = PBXGroup;
			children = (
				019F4054283C99170063DA19 /* Resources */,
				019F4053283C99000063DA19 /* Model */,
				019F4052283C98E40063DA19 /* Views */,
				01EA01C3283BDC4500CCD4DD /* learnSwiftUIApp.swift */,
				01EA01C7283BDC4C00CCD4DD /* Assets.xcassets */,
				01EA01C9283BDC4C00CCD4DD /* Preview Content */,
			);
			path = learnSwiftUI;
			sourceTree = "<group>";
		};
		01EA01C9283BDC4C00CCD4DD /* Preview Content */ = {
			isa = PBXGroup;
			children = (
				01EA01CA283BDC4C00CCD4DD /* Preview Assets.xcassets */,
			);
			path = "Preview Content";
			sourceTree = "<group>";
		};
/* End PBXGroup section */

/* Begin PBXNativeTarget section */
		01EA01BF283BDC4500CCD4DD /* learnSwiftUI */ = {
			isa = PBXNativeTarget;
			buildConfigurationList = 01EA01CE283BDC4C00CCD4DD /* Build configuration list for PBXNativeTarget "learnSwiftUI" */;
			buildPhases = (
				01EA01BC283BDC4500CCD4DD /* Sources */,
				01EA01BD283BDC4500CCD4DD /* Frameworks */,
				01EA01BE283BDC4500CCD4DD /* Resources */,
			);
			buildRules = (
			);
			dependencies = (
			);
			name = learnSwiftUI;
			productName = learnSwiftUI;
			productReference = 01EA01C0283BDC4500CCD4DD /* learnSwiftUI.app */;
			productType = "com.apple.product-type.application";
		};
/* End PBXNativeTarget section */

/* Begin PBXProject section */
		01EA01B8283BDC4500CCD4DD /* Project object */ = {
			isa = PBXProject;
			attributes = {
				BuildIndependentTargetsInParallel = 1;
				LastSwiftUpdateCheck = 1340;
				LastUpgradeCheck = 1340;
				TargetAttributes = {
					01EA01BF283BDC4500CCD4DD = {
						CreatedOnToolsVersion = 13.4;
					};
				};
			};
			buildConfigurationList = 01EA01BB283BDC4500CCD4DD /* Build configuration list for PBXProject "learnSwiftUI" */;
			compatibilityVersion = "Xcode 13.0";
			developmentRegion = en;
			hasScannedForEncodings = 0;
			knownRegions = (
				en,
				Base,
			);
			mainGroup = 01EA01B7283BDC4500CCD4DD;
			productRefGroup = 01EA01C1283BDC4500CCD4DD /* Products */;
			projectDirPath = "";
			projectRoot = "";
			targets = (
				01EA01BF283BDC4500CCD4DD /* learnSwiftUI */,
			);
		};
/* End PBXProject section */

/* Begin PBXResourcesBuildPhase section */
		01EA01BE283BDC4500CCD4DD /* Resources */ = {
			isa = PBXResourcesBuildPhase;
			buildActionMask = 2147483647;
			files = (
				016ACF62283DDDA6008AD8DD /* hikeData.json in Resources */,
				01EA01CB283BDC4C00CCD4DD /* Preview Assets.xcassets in Resources */,
				01EA01C8283BDC4C00CCD4DD /* Assets.xcassets in Resources */,
				019F404D283C92FE0063DA19 /* landmarkData.json in Resources */,
			);
			runOnlyForDeploymentPostprocessing = 0;
		};
/* End PBXResourcesBuildPhase section */

/* Begin PBXSourcesBuildPhase section */
		01EA01BC283BDC4500CCD4DD /* Sources */ = {
			isa = PBXSourcesBuildPhase;
			buildActionMask = 2147483647;
			files = (
				01483469283E568D008190CD /* CategoryRow.swift in Sources */,
				015CD54B283FCA70007AFCDF /* Profile.swift in Sources */,
				01EA01C6283BDC4500CCD4DD /* ContentView.swift in Sources */,
				01CDDF32283E5466007F6B6A /* CategoryHome.swift in Sources */,
				01B190E72840CEC400C68E5F /* FeatureCard.swift in Sources */,
				016ACF6C283DDEEA008AD8DD /* HikeGraph.swift in Sources */,
				01D4D730283D003000E0717F /* Badge.swift in Sources */,
				019F4049283C895F0063DA19 /* MapView.swift in Sources */,
				016ACF6B283DDEEA008AD8DD /* GraphCapsule.swift in Sources */,
				01EA01C4283BDC4500CCD4DD /* learnSwiftUIApp.swift in Sources */,
				01D125492841B9A300ABF2C5 /* PageControl.swift in Sources */,
				01D4D722283CE39200E0717F /* FavoriteButton.swift in Sources */,
				0148346B283E57AB008190CD /* CategoryItem.swift in Sources */,
				016ACF6D283DDEEA008AD8DD /* HikeDetail.swift in Sources */,
				015CD550283FCBAF007AFCDF /* ProfileSummary.swift in Sources */,
				01D4D728283CF5A000E0717F /* HexagonParameters.swift in Sources */,
				015CD54E283FCB4C007AFCDF /* ProfileHost.swift in Sources */,
				016ACF65283DDE01008AD8DD /* Hike.swift in Sources */,
				01D4D72E283CFFE600E0717F /* RotatedBadgeSymbol.swift in Sources */,
				01B190E92840CF7600C68E5F /* PageView.swift in Sources */,
				01D4D72C283CFF4C00E0717F /* BadgeSymbol.swift in Sources */,
				01B190E22840C6A600C68E5F /* ProfileEditor.swift in Sources */,
				019F1938283CB55000138BF8 /* LandmarkList.swift in Sources */,
				0187C6DC283E0020003784E4 /* HikeView.swift in Sources */,
				019F193A283CBF6000138BF8 /* LandmarkDetail.swift in Sources */,
				01B190E52840CD0B00C68E5F /* PageViewController.swift in Sources */,
				01D4D72A283CF6EF00E0717F /* BadgeBackground.swift in Sources */,
				015CD552283FCCCC007AFCDF /* HikeBadge.swift in Sources */,
				019F4045283C87DE0063DA19 /* CircleImage.swift in Sources */,
				019F404F283C93EA0063DA19 /* Landmark.swift in Sources */,
				019F1936283CB2FC00138BF8 /* LandmarkRow.swift in Sources */,
				019F4051283C95C50063DA19 /* ModelData.swift in Sources */,
			);
			runOnlyForDeploymentPostprocessing = 0;
		};
/* End PBXSourcesBuildPhase section */

/* Begin XCBuildConfiguration section */
		01EA01CC283BDC4C00CCD4DD /* Debug */ = {
			isa = XCBuildConfiguration;
			buildSettings = {
				ALWAYS_SEARCH_USER_PATHS = NO;
				CLANG_ANALYZER_NONNULL = YES;
				CLANG_ANALYZER_NUMBER_OBJECT_CONVERSION = YES_AGGRESSIVE;
				CLANG_CXX_LANGUAGE_STANDARD = "gnu++17";
				CLANG_ENABLE_MODULES = YES;
				CLANG_ENABLE_OBJC_ARC = YES;
				CLANG_ENABLE_OBJC_WEAK = YES;
				CLANG_WARN_BLOCK_CAPTURE_AUTORELEASING = YES;
				CLANG_WARN_BOOL_CONVERSION = YES;
				CLANG_WARN_COMMA = YES;
				CLANG_WARN_CONSTANT_CONVERSION = YES;
				CLANG_WARN_DEPRECATED_OBJC_IMPLEMENTATIONS = YES;
				CLANG_WARN_DIRECT_OBJC_ISA_USAGE = YES_ERROR;
				CLANG_WARN_DOCUMENTATION_COMMENTS = YES;
				CLANG_WARN_EMPTY_BODY = YES;
				CLANG_WARN_ENUM_CONVERSION = YES;
				CLANG_WARN_INFINITE_RECURSION = YES;
				CLANG_WARN_INT_CONVERSION = YES;
				CLANG_WARN_NON_LITERAL_NULL_CONVERSION = YES;
				CLANG_WARN_OBJC_IMPLICIT_RETAIN_SELF = YES;
				CLANG_WARN_OBJC_LITERAL_CONVERSION = YES;
				CLANG_WARN_OBJC_ROOT_CLASS = YES_ERROR;
				CLANG_WARN_QUOTED_INCLUDE_IN_FRAMEWORK_HEADER = YES;
				CLANG_WARN_RANGE_LOOP_ANALYSIS = YES;
				CLANG_WARN_STRICT_PROTOTYPES = YES;
				CLANG_WARN_SUSPICIOUS_MOVE = YES;
				CLANG_WARN_UNGUARDED_AVAILABILITY = YES_AGGRESSIVE;
				CLANG_WARN_UNREACHABLE_CODE = YES;
				CLANG_WARN__DUPLICATE_METHOD_MATCH = YES;
				COPY_PHASE_STRIP = NO;
				DEBUG_INFORMATION_FORMAT = dwarf;
				ENABLE_STRICT_OBJC_MSGSEND = YES;
				ENABLE_TESTABILITY = YES;
				GCC_C_LANGUAGE_STANDARD = gnu11;
				GCC_DYNAMIC_NO_PIC = NO;
				GCC_NO_COMMON_BLOCKS = YES;
				GCC_OPTIMIZATION_LEVEL = 0;
				GCC_PREPROCESSOR_DEFINITIONS = (
					"DEBUG=1",
					"$(inherited)",
				);
				GCC_WARN_64_TO_32_BIT_CONVERSION = YES;
				GCC_WARN_ABOUT_RETURN_TYPE = YES_ERROR;
				GCC_WARN_UNDECLARED_SELECTOR = YES;
				GCC_WARN_UNINITIALIZED_AUTOS = YES_AGGRESSIVE;
				GCC_WARN_UNUSED_FUNCTION = YES;
				GCC_WARN_UNUSED_VARIABLE = YES;
				IPHONEOS_DEPLOYMENT_TARGET = 15.5;
				MTL_ENABLE_DEBUG_INFO = INCLUDE_SOURCE;
				MTL_FAST_MATH = YES;
				ONLY_ACTIVE_ARCH = YES;
				SDKROOT = iphoneos;
				SWIFT_ACTIVE_COMPILATION_CONDITIONS = DEBUG;
				SWIFT_OPTIMIZATION_LEVEL = "-Onone";
			};
			name = Debug;
		};
		01EA01CD283BDC4C00CCD4DD /* Release */ = {
			isa = XCBuildConfiguration;
			buildSettings = {
				ALWAYS_SEARCH_USER_PATHS = NO;
				CLANG_ANALYZER_NONNULL = YES;
				CLANG_ANALYZER_NUMBER_OBJECT_CONVERSION = YES_AGGRESSIVE;
				CLANG_CXX_LANGUAGE_STANDARD = "gnu++17";
				CLANG_ENABLE_MODULES = YES;
				CLANG_ENABLE_OBJC_ARC = YES;
				CLANG_ENABLE_OBJC_WEAK = YES;
				CLANG_WARN_BLOCK_CAPTURE_AUTORELEASING = YES;
				CLANG_WARN_BOOL_CONVERSION = YES;
				CLANG_WARN_COMMA = YES;
				CLANG_WARN_CONSTANT_CONVERSION = YES;
				CLANG_WARN_DEPRECATED_OBJC_IMPLEMENTATIONS = YES;
				CLANG_WARN_DIRECT_OBJC_ISA_USAGE = YES_ERROR;
				CLANG_WARN_DOCUMENTATION_COMMENTS = YES;
				CLANG_WARN_EMPTY_BODY = YES;
				CLANG_WARN_ENUM_CONVERSION = YES;
				CLANG_WARN_INFINITE_RECURSION = YES;
				CLANG_WARN_INT_CONVERSION = YES;
				CLANG_WARN_NON_LITERAL_NULL_CONVERSION = YES;
				CLANG_WARN_OBJC_IMPLICIT_RETAIN_SELF = YES;
				CLANG_WARN_OBJC_LITERAL_CONVERSION = YES;
				CLANG_WARN_OBJC_ROOT_CLASS = YES_ERROR;
				CLANG_WARN_QUOTED_INCLUDE_IN_FRAMEWORK_HEADER = YES;
				CLANG_WARN_RANGE_LOOP_ANALYSIS = YES;
				CLANG_WARN_STRICT_PROTOTYPES = YES;
				CLANG_WARN_SUSPICIOUS_MOVE = YES;
				CLANG_WARN_UNGUARDED_AVAILABILITY = YES_AGGRESSIVE;
				CLANG_WARN_UNREACHABLE_CODE = YES;
				CLANG_WARN__DUPLICATE_METHOD_MATCH = YES;
				COPY_PHASE_STRIP = NO;
				DEBUG_INFORMATION_FORMAT = "dwarf-with-dsym";
				ENABLE_NS_ASSERTIONS = NO;
				ENABLE_STRICT_OBJC_MSGSEND = YES;
				GCC_C_LANGUAGE_STANDARD = gnu11;
				GCC_NO_COMMON_BLOCKS = YES;
				GCC_WARN_64_TO_32_BIT_CONVERSION = YES;
				GCC_WARN_ABOUT_RETURN_TYPE = YES_ERROR;
				GCC_WARN_UNDECLARED_SELECTOR = YES;
				GCC_WARN_UNINITIALIZED_AUTOS = YES_AGGRESSIVE;
				GCC_WARN_UNUSED_FUNCTION = YES;
				GCC_WARN_UNUSED_VARIABLE = YES;
				IPHONEOS_DEPLOYMENT_TARGET = 15.5;
				MTL_ENABLE_DEBUG_INFO = NO;
				MTL_FAST_MATH = YES;
				SDKROOT = iphoneos;
				SWIFT_COMPILATION_MODE = wholemodule;
				SWIFT_OPTIMIZATION_LEVEL = "-O";
				VALIDATE_PRODUCT = YES;
			};
			name = Release;
		};
		01EA01CF283BDC4C00CCD4DD /* Debug */ = {
			isa = XCBuildConfiguration;
			buildSettings = {
				ASSETCATALOG_COMPILER_APPICON_NAME = AppIcon;
				ASSETCATALOG_COMPILER_GLOBAL_ACCENT_COLOR_NAME = AccentColor;
				CODE_SIGN_IDENTITY = "Apple Development";
				CODE_SIGN_STYLE = Automatic;
				CURRENT_PROJECT_VERSION = 1;
				DEVELOPMENT_ASSET_PATHS = "\"learnSwiftUI/Preview Content\"";
				DEVELOPMENT_TEAM = 7G5G67HX3T;
				ENABLE_PREVIEWS = YES;
				GENERATE_INFOPLIST_FILE = YES;
				INFOPLIST_KEY_UIApplicationSceneManifest_Generation = YES;
				INFOPLIST_KEY_UIApplicationSupportsIndirectInputEvents = YES;
				INFOPLIST_KEY_UILaunchScreen_Generation = YES;
				INFOPLIST_KEY_UISupportedInterfaceOrientations_iPad = "UIInterfaceOrientationPortrait UIInterfaceOrientationPortraitUpsideDown UIInterfaceOrientationLandscapeLeft UIInterfaceOrientationLandscapeRight";
				INFOPLIST_KEY_UISupportedInterfaceOrientations_iPhone = "UIInterfaceOrientationPortrait UIInterfaceOrientationLandscapeLeft UIInterfaceOrientationLandscapeRight";
				LD_RUNPATH_SEARCH_PATHS = (
					"$(inherited)",
					"@executable_path/Frameworks",
				);
				MARKETING_VERSION = 1.0;
				PRODUCT_BUNDLE_IDENTIFIER = fangxiaoxin.learnSwiftUI;
				PRODUCT_NAME = "$(TARGET_NAME)";
				PROVISIONING_PROFILE_SPECIFIER = "";
				SWIFT_EMIT_LOC_STRINGS = YES;
				SWIFT_VERSION = 5.0;
				TARGETED_DEVICE_FAMILY = "1,2";
			};
			name = Debug;
		};
		01EA01D0283BDC4C00CCD4DD /* Release */ = {
			isa = XCBuildConfiguration;
			buildSettings = {
				ASSETCATALOG_COMPILER_APPICON_NAME = AppIcon;
				ASSETCATALOG_COMPILER_GLOBAL_ACCENT_COLOR_NAME = AccentColor;
				CODE_SIGN_IDENTITY = "Apple Development";
				CODE_SIGN_STYLE = Automatic;
				CURRENT_PROJECT_VERSION = 1;
				DEVELOPMENT_ASSET_PATHS = "\"learnSwiftUI/Preview Content\"";
				DEVELOPMENT_TEAM = 7G5G67HX3T;
				ENABLE_PREVIEWS = YES;
				GENERATE_INFOPLIST_FILE = YES;
				INFOPLIST_KEY_UIApplicationSceneManifest_Generation = YES;
				INFOPLIST_KEY_UIApplicationSupportsIndirectInputEvents = YES;
				INFOPLIST_KEY_UILaunchScreen_Generation = YES;
				INFOPLIST_KEY_UISupportedInterfaceOrientations_iPad = "UIInterfaceOrientationPortrait UIInterfaceOrientationPortraitUpsideDown UIInterfaceOrientationLandscapeLeft UIInterfaceOrientationLandscapeRight";
				INFOPLIST_KEY_UISupportedInterfaceOrientations_iPhone = "UIInterfaceOrientationPortrait UIInterfaceOrientationLandscapeLeft UIInterfaceOrientationLandscapeRight";
				LD_RUNPATH_SEARCH_PATHS = (
					"$(inherited)",
					"@executable_path/Frameworks",
				);
				MARKETING_VERSION = 1.0;
				PRODUCT_BUNDLE_IDENTIFIER = fangxiaoxin.learnSwiftUI;
				PRODUCT_NAME = "$(TARGET_NAME)";
				PROVISIONING_PROFILE_SPECIFIER = "";
				SWIFT_EMIT_LOC_STRINGS = YES;
				SWIFT_VERSION = 5.0;
				TARGETED_DEVICE_FAMILY = "1,2";
			};
			name = Release;
		};
/* End XCBuildConfiguration section */

/* Begin XCConfigurationList section */
		01EA01BB283BDC4500CCD4DD /* Build configuration list for PBXProject "learnSwiftUI" */ = {
			isa = XCConfigurationList;
			buildConfigurations = (
				01EA01CC283BDC4C00CCD4DD /* Debug */,
				01EA01CD283BDC4C00CCD4DD /* Release */,
			);
			defaultConfigurationIsVisible = 0;
			defaultConfigurationName = Release;
		};
		01EA01CE283BDC4C00CCD4DD /* Build configuration list for PBXNativeTarget "learnSwiftUI" */ = {
			isa = XCConfigurationList;
			buildConfigurations = (
				01EA01CF283BDC4C00CCD4DD /* Debug */,
				01EA01D0283BDC4C00CCD4DD /* Release */,
			);
			defaultConfigurationIsVisible = 0;
			defaultConfigurationName = Release;
		};
/* End XCConfigurationList section */
	};
	rootObject = 01EA01B8283BDC4500CCD4DD /* Project object */;
}
